
Microsoft Visual Studio Solution File, Format Version 12.00
# Visual Studio 2012
Project("{FAE04EC0-301F-11D3-BF4B-00C04F79EFBC}") = "demoGitHub", "demoGitHub\demoGitHub.csproj", "{057BD14D-1F0A-48D0-99B0-04AE1B391815}"
EndProject
Global
	GlobalSection(SolutionConfigurationPlatforms) = preSolution
		Debug|Any CPU = Debug|Any CPU
		Release|Any CPU = Release|Any CPU
	EndGlobalSection
	GlobalSection(ProjectConfigurationPlatforms) = postSolution
		{057BD14D-1F0A-48D0-99B0-04AE1B391815}.Debug|Any CPU.ActiveCfg = Debug|Any CPU
		{057BD14D-1F0A-48D0-99B0-04AE1B391815}.Debug|Any CPU.Build.0 = Debug|Any CPU
		{057BD14D-1F0A-48D0-99B0-04AE1B391815}.Release|Any CPU.ActiveCfg = Release|Any CPU
		{057BD14D-1F0A-48D0-99B0-04AE1B391815}.Release|Any CPU.Build.0 = Release|Any CPU
	EndGlobalSection
	GlobalSection(SolutionProperties) = preSolution
		HideSolutionNode = FALSE
	EndGlobalSection
EndGlobal
